hash: ddf6bfd045b2c190d7c75536de616d138d58ee8619f339662076007941f6d72e
updated: 2017-08-31T19:59:28.680066022+09:00
imports:
- name: github.com/go-gorp/gorp
  version: 4deece61034873cb5b5416e81abe4cea7bd0da72
- name: github.com/go-sql-driver/mysql
  version: a0583e0143b1624142adab07e0e97fe106d99561
testImports: []
